{
  "version": 4,
  "terraform_version": "0.12.27",
  "serial": 12,
  "lineage": "adf04f14-647a-005a-2c62-28045a799fc9",
  "outputs": {
    "tls_private_key": {
      "value": "-----BEGIN RSA PRIVATE KEY-----\nMIIJKAIBAAKCAgEAucI5Br80tirvOaxpkhtGKvAdKjfvxxfan5F0ybDss+ldvC22\nEujXkUIePzHyF2BezetpVgW7BcUxiV1SA46eikoONhr2sQKWdQISW3ieSn6XGyXu\n5pnaIoQXXTmQVRUYpZ9rSqCP63AxmXCCS11WbyKFPi1g3t924cp0KK5FMSq0o8Uk\nyPyY+hSvRxZB2KbnQYIWDLVqM+YnjP8Fun3ooRlOnV4g1abPHDcMEmCjU7GzvWW8\n6DNf3sbZrM22NJZe+gqfRUfO2A9D/tQXpA8j05UvvELqslN4r/qOxk80oSNSqKN6\n9lRsv79mXgb+ly/nuY8ScmOHpPjVER/Y9HRaXjzI7QvdJtsHWBQ5IwOPJE8vgbp7\nlsIsGAoKoC0GaI0zaZne5YtV2mtoi3sm3ZTCPZG+jKMETHu7M7z7/0B9rZ8+UtDZ\ny6UP617XjBIochoUbGGMVJ2BI1UyO1yqBAEmKeqWMiD2eQPLWrUTIj8547yZWluT\n3rHgr+uQLHwqoouolIpTDiGwZDhlUxmzsTBrqQJvcTHz9bP6ae5gYw6Yiav7SRk9\n08UO8Min/cTyoT6LL6o+X9uE+JgJJ/FkdqQLDmE3x5Ekv8aTOZvKQCl/rKUg5qHU\nuyMzqaNV16Q538dH6kvIKuCFiNlvFfGTiDSdbyGcS6Ooh7MvY/UZqBgw1FUCAwEA\nAQKCAgAfVw5p/f51sZ6020rgdKuM+P/irJdOvs6K126dzLTS0c+XvRqX7CLahg42\nWUXf/clg8pPOCJ96JL/rzgvVP82txTrKlBgE20vpJ9VTC3GhXeQ+l1LMIy7zXdfX\nSav5PtrurovahmZhsYccvSeucWvwyiEy0VMjpw4WoCKi7mwMFIlvjAZdxohEwRKl\narLnS5l+quTvdfgaE32ewzQDN9T0wSFLWaMuiLsupnbp7tX/e964WJ7bijdljaUS\nC47vJmOVyg7/EFNsjn7JUp0+d7NyshvgpmWUepLFFf/ao2hcu2npu9M2Fh5W54Ls\n4D854MI2w1W4aORsx/Kitf3TmIHaVM0Sw6MkCNcLM9XlEEsO28mXj+uQAC1TD0ch\nIYJ8k1LQPP5uiCQfXwU5lYW7zMB5b4kDW1kaP949uD5GXjf2MKG1ZBjmiu3MjFSz\nQ0gxaqTi3sQNr17kFmU00+8equNR0lch+iqfNvwuVl7M3NJrk3AuK4ApGhtidlTT\naKdp0dm2QZxswgnaG5MEO3VXTDry+B4LECmzFHTe4eHaMpU4I6eT8gcoyVgcd1GO\nRlbL62AXPtLkITpuuzrFpaPNVddOw0zf7dHB04mzfI0vU9qkx9t7upWhUN08XdaJ\noyBReUI+lEjZqHMP3Ff5IKETTT19pCEh61eLsrZlJTU3uMQYrQKCAQEA1oScpOxe\n/X5DoZsY9mKGy5Q2K3kXKp9cF69+TzEkmSCatJGct069OPwJ9Im2c8DIWM2WTtRk\nVIvE2GSoV5a6X9kiZPFylOxgb6x1rwh6Fxc4An2kK/QXlgVGE0AwN9uNg6U0M2Xk\nIQUiFjvSaRs6O4jnDTcy5lh85jstaogo1xm3PqewIEIlKrHQhSth/aIGovNrZPq8\nC2Z8AYZ2dN5ZgbxInvkvvIgMyrKI1SYDn+Rs61jf4rpUNToxcz4hK5yHpTFHIwnI\nzh+ytbnJ4tjhUYzjPFU/xNUVSSrh0AVrvecxuSm78l3hvLRC2+252rdeB2EGNoV/\nodtMKOb09+9V7wKCAQEA3a3sgTKuWfrOIrcF/tEWxMVs0TlHl20r5kQQDBnjYz52\nFhG5MszNtdM4ggW0Bn1MMg3ztEiY1RjwMJoOr1Y2fh5Ray7hKKw/qWFSE06JNNR3\ni6a+/y+pBE2NU+EwX70D8vhkuCMy+2BjTSerb/yGl9Q9OokcQ9KNgiRP6D3doGE0\naXODpChAjG+/FyuQqUEq1XKMi4DHa1EaSqYy+YwBPMBvXYKONjWs1Qwh+5sEOo/T\nO4BepvrY26GKPn4PayCOl6M9knBz8Tck3TRUFBYq3cVWlS8wwk6fNYrZFLuPEND+\nEKcMJ1lDD04Wm3FX8NAqw7cFg4PJM7VKoIv0iGyd+wKCAQEAmjVqhgSFpKUH6Tyd\njUD2tZIt/sJlrPYyNbSqkDM7o/iUPgoPJpcr37MPVQNKbZvAalYgHzr/hOeU8hoq\nCg0Ina5x0y7et7/U83J+hv0JB2BhmyjGw/IMooPYBC64eu8Ro/k2tVwhyrrt7h3C\n/FveWL3pms57gKtL3hXcaCDJexe5awkQy5/BKBf7VkABiVrYenuSUF0OoQNjUZVf\nwlO09FZtvhpT/quuxmfhhZh2MpL62ZRiHZLkxf63XajkH32+5Tmvcbiu6b5PseOF\nBdXy47TsBYsi9FRZoOd6vReohDOWww0FVw22IPlUttUGLfxzU8qjtL3zKl+DOEQP\nBcy/cQKCAQAtSdQQjRcboOauJvAdn//j0WWq1OXwZMhcMbmJj1xqMR+U4KgSXc8E\n/5MC1UFzNfP0Ie+Q/Gfk2URw2Xh4j8dwOqdtm1U6pv4Wj6Bh+2CCn4mQyU8p+UWx\ncFqYMWBdntMIt4B0MhS/UHDZGWqn5VJmAGFF7S8OGBz64opEqyb1FgbMKGJTjjmp\nt0a16BuUyJCErPNTqMqU/Su+5ndxjg3OqI3X7803+/1ERUdIDOJvSGTiOhacTJEz\nRaxlmgFyZGNdTWdN3JWDST3Jx2AJ/oFhb2iB7/MpL0DNgoFY//x5dgkBw+7ytwTB\nQrXRqfVKaGzkMSb6OFlJrBcD97PMj0wzAoIBAHZxsV+y8T3ZJZxkxkgstvIHgsS9\nhpGGKUShBwPnb7ngCoWA7ImNpKAj/1Pz1A6Z6gxHZSD+gx79LXXv6lQcmjE3bDR/\nn9bQhclEkm/AEMQTi2tCM5wDPfm/9uOAeyFC7b26YozvRc4Ovo3YXFtE6ziVihWP\n6072LYuXjxW//Bk9D/1QKL7TccWAoc1dY1zXKSfRI5ZasDMwLw4x3yLdFtE7k6A3\nfvf2ZcAB7qqoR3i+v/tvKB7iewfbDFBCz9GHzjODWZc3Y40NJjxj/htnrzGE1nYK\nFHg2PyG3p5Zq/oAvTXrykaxfjTeRLYwi9owTmjfi5mfnC4A9y/zYETuh3/w=\n-----END RSA PRIVATE KEY-----\n",
      "type": "string"
    }
  },
  "resources": [
    {
      "mode": "managed",
      "type": "azurerm_linux_virtual_machine",
      "name": "myterraformvm",
      "provider": "provider.azurerm",
      "instances": [
        {
          "schema_version": 0,
          "attributes": {
            "additional_capabilities": [],
            "admin_password": null,
            "admin_ssh_key": [
              {
                "public_key": "ssh-rsa AAAAB3NzaC1yc2EAAAADAQABAAACAQC5wjkGvzS2Ku85rGmSG0Yq8B0qN+/HF9qfkXTJsOyz6V28LbYS6NeRQh4/MfIXYF7N62lWBbsFxTGJXVIDjp6KSg42GvaxApZ1AhJbeJ5KfpcbJe7mmdoihBddOZBVFRiln2tKoI/rcDGZcIJLXVZvIoU+LWDe33bhynQorkUxKrSjxSTI/Jj6FK9HFkHYpudBghYMtWoz5ieM/wW6feihGU6dXiDVps8cNwwSYKNTsbO9ZbzoM1/extmszbY0ll76Cp9FR87YD0P+1BekDyPTlS+8QuqyU3iv+o7GTzShI1Koo3r2VGy/v2ZeBv6XL+e5jxJyY4ek+NURH9j0dFpePMjtC90m2wdYFDkjA48kTy+BunuWwiwYCgqgLQZojTNpmd7li1Xaa2iLeybdlMI9kb6MowRMe7szvPv/QH2tnz5S0NnLpQ/rXteMEihyGhRsYYxUnYEjVTI7XKoEASYp6pYyIPZ5A8tatRMiPznjvJlaW5PeseCv65AsfCqii6iUilMOIbBkOGVTGbOxMGupAm9xMfP1s/pp7mBjDpiJq/tJGT3TxQ7wyKf9xPKhPosvqj5f24T4mAkn8WR2pAsOYTfHkSS/xpM5m8pAKX+spSDmodS7IzOpo1XXpDnfx0fqS8gq4IWI2W8V8ZOINJ1vIZxLo6iHsy9j9RmoGDDUVQ==\n",
                "username": "azureuser"
              }
            ],
            "admin_username": "azureuser",
            "allow_extension_operations": true,
            "availability_set_id": "",
            "boot_diagnostics": [
              {
                "storage_account_uri": "https://diaga1311f2292914e9b.blob.core.windows.net/"
              }
            ],
            "computer_name": "myvm",
            "custom_data": null,
            "dedicated_host_id": "",
            "disable_password_authentication": true,
            "eviction_policy": "",
            "id": "/subscriptions/2f74816b-d53e-48d6-a31f-d7506b111fe6/resourceGroups/myResourceGroup/providers/Microsoft.Compute/virtualMachines/myVM",
            "identity": [],
            "location": "eastus",
            "max_bid_price": -1,
            "name": "myVM",
            "network_interface_ids": [
              "/subscriptions/2f74816b-d53e-48d6-a31f-d7506b111fe6/resourceGroups/myResourceGroup/providers/Microsoft.Network/networkInterfaces/myNIC"
            ],
            "os_disk": [
              {
                "caching": "ReadWrite",
                "diff_disk_settings": [],
                "disk_encryption_set_id": "",
                "disk_size_gb": 30,
                "name": "myOsDisk",
                "storage_account_type": "Premium_LRS",
                "write_accelerator_enabled": false
              }
            ],
            "plan": [],
            "priority": "Regular",
            "private_ip_address": "10.0.1.4",
            "private_ip_addresses": [
              "10.0.1.4"
            ],
            "provision_vm_agent": true,
            "proximity_placement_group_id": "",
            "public_ip_address": "52.188.18.214",
            "public_ip_addresses": [
              "52.188.18.214"
            ],
            "resource_group_name": "myResourceGroup",
            "secret": [],
            "size": "Standard_DS1_v2",
            "source_image_id": "",
            "source_image_reference": [
              {
                "offer": "UbuntuServer",
                "publisher": "Canonical",
                "sku": "16.04.0-LTS",
                "version": "latest"
              }
            ],
            "tags": {
              "environment": "Terraform Demo"
            },
            "timeouts": null,
            "virtual_machine_id": "e7cdb6ff-ffcc-4211-b781-1d2529e1ac3c",
            "virtual_machine_scale_set_id": "",
            "zone": ""
          },
          "private": "eyJlMmJmYjczMC1lY2FhLTExZTYtOGY4OC0zNDM2M2JjN2M0YzAiOnsiY3JlYXRlIjoyNzAwMDAwMDAwMDAwLCJkZWxldGUiOjI3MDAwMDAwMDAwMDAsInJlYWQiOjMwMDAwMDAwMDAwMCwidXBkYXRlIjoyNzAwMDAwMDAwMDAwfX0=",
          "dependencies": [
            "azurerm_network_interface.myterraformnic",
            "azurerm_public_ip.myterraformpublicip",
            "azurerm_resource_group.myterraformgroup",
            "azurerm_storage_account.mystorageaccount",
            "azurerm_subnet.myterraformsubnet",
            "azurerm_virtual_network.myterraformnetwork",
            "random_id.randomId",
            "tls_private_key.example_ssh"
          ]
        }
      ]
    },
    {
      "mode": "managed",
      "type": "azurerm_network_interface",
      "name": "myterraformnic",
      "provider": "provider.azurerm",
      "instances": [
        {
          "schema_version": 0,
          "attributes": {
            "applied_dns_servers": [],
            "dns_servers": [],
            "enable_accelerated_networking": false,
            "enable_ip_forwarding": false,
            "id": "/subscriptions/2f74816b-d53e-48d6-a31f-d7506b111fe6/resourceGroups/myResourceGroup/providers/Microsoft.Network/networkInterfaces/myNIC",
            "internal_dns_name_label": "",
            "internal_domain_name_suffix": "ipywpneihesuzeqkgcpu4d4ydd.bx.internal.cloudapp.net",
            "ip_configuration": [
              {
                "name": "myNicConfiguration",
                "primary": true,
                "private_ip_address": "10.0.1.4",
                "private_ip_address_allocation": "Dynamic",
                "private_ip_address_version": "IPv4",
                "public_ip_address_id": "/subscriptions/2f74816b-d53e-48d6-a31f-d7506b111fe6/resourceGroups/myResourceGroup/providers/Microsoft.Network/publicIPAddresses/myPublicIP",
                "subnet_id": "/subscriptions/2f74816b-d53e-48d6-a31f-d7506b111fe6/resourceGroups/myResourceGroup/providers/Microsoft.Network/virtualNetworks/myVnet/subnets/mySubnet"
              }
            ],
            "location": "eastus",
            "mac_address": "",
            "name": "myNIC",
            "private_ip_address": "10.0.1.4",
            "private_ip_addresses": [
              "10.0.1.4"
            ],
            "resource_group_name": "myResourceGroup",
            "tags": {
              "environment": "Terraform Demo"
            },
            "timeouts": null,
            "virtual_machine_id": ""
          },
          "private": "eyJlMmJmYjczMC1lY2FhLTExZTYtOGY4OC0zNDM2M2JjN2M0YzAiOnsiY3JlYXRlIjoxODAwMDAwMDAwMDAwLCJkZWxldGUiOjE4MDAwMDAwMDAwMDAsInJlYWQiOjMwMDAwMDAwMDAwMCwidXBkYXRlIjoxODAwMDAwMDAwMDAwfX0=",
          "dependencies": [
            "azurerm_public_ip.myterraformpublicip",
            "azurerm_resource_group.myterraformgroup",
            "azurerm_subnet.myterraformsubnet",
            "azurerm_virtual_network.myterraformnetwork"
          ]
        }
      ]
    },
    {
      "mode": "managed",
      "type": "azurerm_network_interface_security_group_association",
      "name": "example",
      "provider": "provider.azurerm",
      "instances": [
        {
          "schema_version": 0,
          "attributes": {
            "id": "/subscriptions/2f74816b-d53e-48d6-a31f-d7506b111fe6/resourceGroups/myResourceGroup/providers/Microsoft.Network/networkInterfaces/myNIC|/subscriptions/2f74816b-d53e-48d6-a31f-d7506b111fe6/resourceGroups/myResourceGroup/providers/Microsoft.Network/networkSecurityGroups/myNetworkSecurityGroup",
            "network_interface_id": "/subscriptions/2f74816b-d53e-48d6-a31f-d7506b111fe6/resourceGroups/myResourceGroup/providers/Microsoft.Network/networkInterfaces/myNIC",
            "network_security_group_id": "/subscriptions/2f74816b-d53e-48d6-a31f-d7506b111fe6/resourceGroups/myResourceGroup/providers/Microsoft.Network/networkSecurityGroups/myNetworkSecurityGroup",
            "timeouts": null
          },
          "private": "eyJlMmJmYjczMC1lY2FhLTExZTYtOGY4OC0zNDM2M2JjN2M0YzAiOnsiY3JlYXRlIjoxODAwMDAwMDAwMDAwLCJkZWxldGUiOjE4MDAwMDAwMDAwMDAsInJlYWQiOjMwMDAwMDAwMDAwMCwidXBkYXRlIjoxODAwMDAwMDAwMDAwfX0=",
          "dependencies": [
            "azurerm_network_interface.myterraformnic",
            "azurerm_network_security_group.myterraformnsg",
            "azurerm_public_ip.myterraformpublicip",
            "azurerm_resource_group.myterraformgroup",
            "azurerm_subnet.myterraformsubnet",
            "azurerm_virtual_network.myterraformnetwork"
          ]
        }
      ]
    },
    {
      "mode": "managed",
      "type": "azurerm_network_security_group",
      "name": "myterraformnsg",
      "provider": "provider.azurerm",
      "instances": [
        {
          "schema_version": 0,
          "attributes": {
            "id": "/subscriptions/2f74816b-d53e-48d6-a31f-d7506b111fe6/resourceGroups/myResourceGroup/providers/Microsoft.Network/networkSecurityGroups/myNetworkSecurityGroup",
            "location": "eastus",
            "name": "myNetworkSecurityGroup",
            "resource_group_name": "myResourceGroup",
            "security_rule": [
              {
                "access": "Allow",
                "description": "",
                "destination_address_prefix": "*",
                "destination_address_prefixes": [],
                "destination_application_security_group_ids": [],
                "destination_port_range": "22",
                "destination_port_ranges": [],
                "direction": "Inbound",
                "name": "SSH",
                "priority": 1001,
                "protocol": "Tcp",
                "source_address_prefix": "*",
                "source_address_prefixes": [],
                "source_application_security_group_ids": [],
                "source_port_range": "*",
                "source_port_ranges": []
              }
            ],
            "tags": {
              "environment": "Terraform Demo"
            },
            "timeouts": null
          },
          "private": "eyJlMmJmYjczMC1lY2FhLTExZTYtOGY4OC0zNDM2M2JjN2M0YzAiOnsiY3JlYXRlIjoxODAwMDAwMDAwMDAwLCJkZWxldGUiOjE4MDAwMDAwMDAwMDAsInJlYWQiOjMwMDAwMDAwMDAwMCwidXBkYXRlIjoxODAwMDAwMDAwMDAwfX0=",
          "dependencies": [
            "azurerm_resource_group.myterraformgroup"
          ]
        }
      ]
    },
    {
      "mode": "managed",
      "type": "azurerm_public_ip",
      "name": "myterraformpublicip",
      "provider": "provider.azurerm",
      "instances": [
        {
          "schema_version": 0,
          "attributes": {
            "allocation_method": "Dynamic",
            "domain_name_label": null,
            "fqdn": null,
            "id": "/subscriptions/2f74816b-d53e-48d6-a31f-d7506b111fe6/resourceGroups/myResourceGroup/providers/Microsoft.Network/publicIPAddresses/myPublicIP",
            "idle_timeout_in_minutes": 4,
            "ip_address": "",
            "ip_version": "IPv4",
            "location": "eastus",
            "name": "myPublicIP",
            "public_ip_prefix_id": null,
            "resource_group_name": "myResourceGroup",
            "reverse_fqdn": null,
            "sku": "Basic",
            "tags": {
              "environment": "Terraform Demo"
            },
            "timeouts": null,
            "zones": null
          },
          "private": "eyJlMmJmYjczMC1lY2FhLTExZTYtOGY4OC0zNDM2M2JjN2M0YzAiOnsiY3JlYXRlIjoxODAwMDAwMDAwMDAwLCJkZWxldGUiOjE4MDAwMDAwMDAwMDAsInJlYWQiOjMwMDAwMDAwMDAwMCwidXBkYXRlIjoxODAwMDAwMDAwMDAwfX0=",
          "dependencies": [
            "azurerm_resource_group.myterraformgroup"
          ]
        }
      ]
    },
    {
      "mode": "managed",
      "type": "azurerm_resource_group",
      "name": "myterraformgroup",
      "provider": "provider.azurerm",
      "instances": [
        {
          "schema_version": 0,
          "attributes": {
            "id": "/subscriptions/2f74816b-d53e-48d6-a31f-d7506b111fe6/resourceGroups/myResourceGroup",
            "location": "eastus",
            "name": "myResourceGroup",
            "tags": {
              "environment": "Terraform Demo"
            },
            "timeouts": null
          },
          "private": "eyJlMmJmYjczMC1lY2FhLTExZTYtOGY4OC0zNDM2M2JjN2M0YzAiOnsiY3JlYXRlIjo1NDAwMDAwMDAwMDAwLCJkZWxldGUiOjU0MDAwMDAwMDAwMDAsInJlYWQiOjMwMDAwMDAwMDAwMCwidXBkYXRlIjo1NDAwMDAwMDAwMDAwfX0="
        }
      ]
    },
    {
      "mode": "managed",
      "type": "azurerm_storage_account",
      "name": "mystorageaccount",
      "provider": "provider.azurerm",
      "instances": [
        {
          "schema_version": 2,
          "attributes": {
            "access_tier": "Hot",
            "account_kind": "StorageV2",
            "account_replication_type": "LRS",
            "account_tier": "Standard",
            "blob_properties": [],
            "custom_domain": [],
            "enable_https_traffic_only": true,
            "id": "/subscriptions/2f74816b-d53e-48d6-a31f-d7506b111fe6/resourceGroups/myResourceGroup/providers/Microsoft.Storage/storageAccounts/diaga1311f2292914e9b",
            "identity": [],
            "is_hns_enabled": false,
            "location": "eastus",
            "name": "diaga1311f2292914e9b",
            "network_rules": [
              {
                "bypass": [
                  "AzureServices"
                ],
                "default_action": "Allow",
                "ip_rules": [],
                "virtual_network_subnet_ids": []
              }
            ],
            "primary_access_key": "Mxk/Bn9XD0P0SwjjqyZ1elzkv/lgHoILxNXBQycIy/DfIIPwubTM5AFhEX0ai21qH5fKT1EqIxzTIam0fx3cww==",
            "primary_blob_connection_string": "DefaultEndpointsProtocol=https;BlobEndpoint=https://diaga1311f2292914e9b.blob.core.windows.net/;AccountName=diaga1311f2292914e9b;AccountKey=Mxk/Bn9XD0P0SwjjqyZ1elzkv/lgHoILxNXBQycIy/DfIIPwubTM5AFhEX0ai21qH5fKT1EqIxzTIam0fx3cww==",
            "primary_blob_endpoint": "https://diaga1311f2292914e9b.blob.core.windows.net/",
            "primary_blob_host": "diaga1311f2292914e9b.blob.core.windows.net",
            "primary_connection_string": "DefaultEndpointsProtocol=https;AccountName=diaga1311f2292914e9b;AccountKey=Mxk/Bn9XD0P0SwjjqyZ1elzkv/lgHoILxNXBQycIy/DfIIPwubTM5AFhEX0ai21qH5fKT1EqIxzTIam0fx3cww==;EndpointSuffix=core.windows.net",
            "primary_dfs_endpoint": "https://diaga1311f2292914e9b.dfs.core.windows.net/",
            "primary_dfs_host": "diaga1311f2292914e9b.dfs.core.windows.net",
            "primary_file_endpoint": "https://diaga1311f2292914e9b.file.core.windows.net/",
            "primary_file_host": "diaga1311f2292914e9b.file.core.windows.net",
            "primary_location": "eastus",
            "primary_queue_endpoint": "https://diaga1311f2292914e9b.queue.core.windows.net/",
            "primary_queue_host": "diaga1311f2292914e9b.queue.core.windows.net",
            "primary_table_endpoint": "https://diaga1311f2292914e9b.table.core.windows.net/",
            "primary_table_host": "diaga1311f2292914e9b.table.core.windows.net",
            "primary_web_endpoint": "https://diaga1311f2292914e9b.z13.web.core.windows.net/",
            "primary_web_host": "diaga1311f2292914e9b.z13.web.core.windows.net",
            "queue_properties": [
              {
                "cors_rule": [],
                "hour_metrics": [
                  {
                    "enabled": true,
                    "include_apis": true,
                    "retention_policy_days": 7,
                    "version": "1.0"
                  }
                ],
                "logging": [
                  {
                    "delete": false,
                    "read": false,
                    "retention_policy_days": 0,
                    "version": "1.0",
                    "write": false
                  }
                ],
                "minute_metrics": [
                  {
                    "enabled": false,
                    "include_apis": false,
                    "retention_policy_days": 0,
                    "version": "1.0"
                  }
                ]
              }
            ],
            "resource_group_name": "myResourceGroup",
            "secondary_access_key": "AFcZJSvijlrJ4uGyuaXFu8q1R94QMa7+Hp4LhM5vc/29a1kY007yHhDWLR2xHaTU9kOBdCt8IFug7f6qa/+rEw==",
            "secondary_blob_connection_string": "",
            "secondary_blob_endpoint": null,
            "secondary_blob_host": null,
            "secondary_connection_string": "DefaultEndpointsProtocol=https;AccountName=diaga1311f2292914e9b;AccountKey=AFcZJSvijlrJ4uGyuaXFu8q1R94QMa7+Hp4LhM5vc/29a1kY007yHhDWLR2xHaTU9kOBdCt8IFug7f6qa/+rEw==;EndpointSuffix=core.windows.net",
            "secondary_dfs_endpoint": null,
            "secondary_dfs_host": null,
            "secondary_file_endpoint": null,
            "secondary_file_host": null,
            "secondary_location": "",
            "secondary_queue_endpoint": null,
            "secondary_queue_host": null,
            "secondary_table_endpoint": null,
            "secondary_table_host": null,
            "secondary_web_endpoint": null,
            "secondary_web_host": null,
            "static_website": [],
            "tags": {
              "environment": "Terraform Demo"
            },
            "timeouts": null
          },
          "private": "eyJlMmJmYjczMC1lY2FhLTExZTYtOGY4OC0zNDM2M2JjN2M0YzAiOnsiY3JlYXRlIjozNjAwMDAwMDAwMDAwLCJkZWxldGUiOjM2MDAwMDAwMDAwMDAsInJlYWQiOjMwMDAwMDAwMDAwMCwidXBkYXRlIjozNjAwMDAwMDAwMDAwfSwic2NoZW1hX3ZlcnNpb24iOiIyIn0=",
          "dependencies": [
            "azurerm_resource_group.myterraformgroup",
            "random_id.randomId"
          ]
        }
      ]
    },
    {
      "mode": "managed",
      "type": "azurerm_subnet",
      "name": "myterraformsubnet",
      "provider": "provider.azurerm",
      "instances": [
        {
          "schema_version": 0,
          "attributes": {
            "address_prefix": "10.0.1.0/24",
            "address_prefixes": [
              "10.0.1.0/24"
            ],
            "delegation": [],
            "enforce_private_link_endpoint_network_policies": false,
            "enforce_private_link_service_network_policies": false,
            "id": "/subscriptions/2f74816b-d53e-48d6-a31f-d7506b111fe6/resourceGroups/myResourceGroup/providers/Microsoft.Network/virtualNetworks/myVnet/subnets/mySubnet",
            "name": "mySubnet",
            "resource_group_name": "myResourceGroup",
            "service_endpoints": null,
            "timeouts": null,
            "virtual_network_name": "myVnet"
          },
          "private": "eyJlMmJmYjczMC1lY2FhLTExZTYtOGY4OC0zNDM2M2JjN2M0YzAiOnsiY3JlYXRlIjoxODAwMDAwMDAwMDAwLCJkZWxldGUiOjE4MDAwMDAwMDAwMDAsInJlYWQiOjMwMDAwMDAwMDAwMCwidXBkYXRlIjoxODAwMDAwMDAwMDAwfX0=",
          "dependencies": [
            "azurerm_resource_group.myterraformgroup",
            "azurerm_virtual_network.myterraformnetwork"
          ]
        }
      ]
    },
    {
      "mode": "managed",
      "type": "azurerm_virtual_network",
      "name": "myterraformnetwork",
      "provider": "provider.azurerm",
      "instances": [
        {
          "schema_version": 0,
          "attributes": {
            "address_space": [
              "10.0.0.0/16"
            ],
            "ddos_protection_plan": [],
            "dns_servers": null,
            "guid": "b467f143-3988-4c25-920a-309f4f0fd81b",
            "id": "/subscriptions/2f74816b-d53e-48d6-a31f-d7506b111fe6/resourceGroups/myResourceGroup/providers/Microsoft.Network/virtualNetworks/myVnet",
            "location": "eastus",
            "name": "myVnet",
            "resource_group_name": "myResourceGroup",
            "subnet": [],
            "tags": {
              "environment": "Terraform Demo"
            },
            "timeouts": null
          },
          "private": "eyJlMmJmYjczMC1lY2FhLTExZTYtOGY4OC0zNDM2M2JjN2M0YzAiOnsiY3JlYXRlIjoxODAwMDAwMDAwMDAwLCJkZWxldGUiOjE4MDAwMDAwMDAwMDAsInJlYWQiOjMwMDAwMDAwMDAwMCwidXBkYXRlIjoxODAwMDAwMDAwMDAwfX0=",
          "dependencies": [
            "azurerm_resource_group.myterraformgroup"
          ]
        }
      ]
    },
    {
      "mode": "managed",
      "type": "random_id",
      "name": "randomId",
      "provider": "provider.random",
      "instances": [
        {
          "schema_version": 0,
          "attributes": {
            "b64": "oTEfIpKRTps",
            "b64_std": "oTEfIpKRTps=",
            "b64_url": "oTEfIpKRTps",
            "byte_length": 8,
            "dec": "11615099147313565339",
            "hex": "a1311f2292914e9b",
            "id": "oTEfIpKRTps",
            "keepers": {
              "resource_group": "myResourceGroup"
            },
            "prefix": null
          },
          "private": "bnVsbA==",
          "dependencies": [
            "azurerm_resource_group.myterraformgroup"
          ]
        }
      ]
    },
    {
      "mode": "managed",
      "type": "tls_private_key",
      "name": "example_ssh",
      "provider": "provider.tls",
      "instances": [
        {
          "schema_version": 0,
          "attributes": {
            "algorithm": "RSA",
            "ecdsa_curve": "P224",
            "id": "0ff5eb2e0bfd264a6d99be35925b142bff032ed1",
            "private_key_pem": "-----BEGIN RSA PRIVATE KEY-----\nMIIJKAIBAAKCAgEAucI5Br80tirvOaxpkhtGKvAdKjfvxxfan5F0ybDss+ldvC22\nEujXkUIePzHyF2BezetpVgW7BcUxiV1SA46eikoONhr2sQKWdQISW3ieSn6XGyXu\n5pnaIoQXXTmQVRUYpZ9rSqCP63AxmXCCS11WbyKFPi1g3t924cp0KK5FMSq0o8Uk\nyPyY+hSvRxZB2KbnQYIWDLVqM+YnjP8Fun3ooRlOnV4g1abPHDcMEmCjU7GzvWW8\n6DNf3sbZrM22NJZe+gqfRUfO2A9D/tQXpA8j05UvvELqslN4r/qOxk80oSNSqKN6\n9lRsv79mXgb+ly/nuY8ScmOHpPjVER/Y9HRaXjzI7QvdJtsHWBQ5IwOPJE8vgbp7\nlsIsGAoKoC0GaI0zaZne5YtV2mtoi3sm3ZTCPZG+jKMETHu7M7z7/0B9rZ8+UtDZ\ny6UP617XjBIochoUbGGMVJ2BI1UyO1yqBAEmKeqWMiD2eQPLWrUTIj8547yZWluT\n3rHgr+uQLHwqoouolIpTDiGwZDhlUxmzsTBrqQJvcTHz9bP6ae5gYw6Yiav7SRk9\n08UO8Min/cTyoT6LL6o+X9uE+JgJJ/FkdqQLDmE3x5Ekv8aTOZvKQCl/rKUg5qHU\nuyMzqaNV16Q538dH6kvIKuCFiNlvFfGTiDSdbyGcS6Ooh7MvY/UZqBgw1FUCAwEA\nAQKCAgAfVw5p/f51sZ6020rgdKuM+P/irJdOvs6K126dzLTS0c+XvRqX7CLahg42\nWUXf/clg8pPOCJ96JL/rzgvVP82txTrKlBgE20vpJ9VTC3GhXeQ+l1LMIy7zXdfX\nSav5PtrurovahmZhsYccvSeucWvwyiEy0VMjpw4WoCKi7mwMFIlvjAZdxohEwRKl\narLnS5l+quTvdfgaE32ewzQDN9T0wSFLWaMuiLsupnbp7tX/e964WJ7bijdljaUS\nC47vJmOVyg7/EFNsjn7JUp0+d7NyshvgpmWUepLFFf/ao2hcu2npu9M2Fh5W54Ls\n4D854MI2w1W4aORsx/Kitf3TmIHaVM0Sw6MkCNcLM9XlEEsO28mXj+uQAC1TD0ch\nIYJ8k1LQPP5uiCQfXwU5lYW7zMB5b4kDW1kaP949uD5GXjf2MKG1ZBjmiu3MjFSz\nQ0gxaqTi3sQNr17kFmU00+8equNR0lch+iqfNvwuVl7M3NJrk3AuK4ApGhtidlTT\naKdp0dm2QZxswgnaG5MEO3VXTDry+B4LECmzFHTe4eHaMpU4I6eT8gcoyVgcd1GO\nRlbL62AXPtLkITpuuzrFpaPNVddOw0zf7dHB04mzfI0vU9qkx9t7upWhUN08XdaJ\noyBReUI+lEjZqHMP3Ff5IKETTT19pCEh61eLsrZlJTU3uMQYrQKCAQEA1oScpOxe\n/X5DoZsY9mKGy5Q2K3kXKp9cF69+TzEkmSCatJGct069OPwJ9Im2c8DIWM2WTtRk\nVIvE2GSoV5a6X9kiZPFylOxgb6x1rwh6Fxc4An2kK/QXlgVGE0AwN9uNg6U0M2Xk\nIQUiFjvSaRs6O4jnDTcy5lh85jstaogo1xm3PqewIEIlKrHQhSth/aIGovNrZPq8\nC2Z8AYZ2dN5ZgbxInvkvvIgMyrKI1SYDn+Rs61jf4rpUNToxcz4hK5yHpTFHIwnI\nzh+ytbnJ4tjhUYzjPFU/xNUVSSrh0AVrvecxuSm78l3hvLRC2+252rdeB2EGNoV/\nodtMKOb09+9V7wKCAQEA3a3sgTKuWfrOIrcF/tEWxMVs0TlHl20r5kQQDBnjYz52\nFhG5MszNtdM4ggW0Bn1MMg3ztEiY1RjwMJoOr1Y2fh5Ray7hKKw/qWFSE06JNNR3\ni6a+/y+pBE2NU+EwX70D8vhkuCMy+2BjTSerb/yGl9Q9OokcQ9KNgiRP6D3doGE0\naXODpChAjG+/FyuQqUEq1XKMi4DHa1EaSqYy+YwBPMBvXYKONjWs1Qwh+5sEOo/T\nO4BepvrY26GKPn4PayCOl6M9knBz8Tck3TRUFBYq3cVWlS8wwk6fNYrZFLuPEND+\nEKcMJ1lDD04Wm3FX8NAqw7cFg4PJM7VKoIv0iGyd+wKCAQEAmjVqhgSFpKUH6Tyd\njUD2tZIt/sJlrPYyNbSqkDM7o/iUPgoPJpcr37MPVQNKbZvAalYgHzr/hOeU8hoq\nCg0Ina5x0y7et7/U83J+hv0JB2BhmyjGw/IMooPYBC64eu8Ro/k2tVwhyrrt7h3C\n/FveWL3pms57gKtL3hXcaCDJexe5awkQy5/BKBf7VkABiVrYenuSUF0OoQNjUZVf\nwlO09FZtvhpT/quuxmfhhZh2MpL62ZRiHZLkxf63XajkH32+5Tmvcbiu6b5PseOF\nBdXy47TsBYsi9FRZoOd6vReohDOWww0FVw22IPlUttUGLfxzU8qjtL3zKl+DOEQP\nBcy/cQKCAQAtSdQQjRcboOauJvAdn//j0WWq1OXwZMhcMbmJj1xqMR+U4KgSXc8E\n/5MC1UFzNfP0Ie+Q/Gfk2URw2Xh4j8dwOqdtm1U6pv4Wj6Bh+2CCn4mQyU8p+UWx\ncFqYMWBdntMIt4B0MhS/UHDZGWqn5VJmAGFF7S8OGBz64opEqyb1FgbMKGJTjjmp\nt0a16BuUyJCErPNTqMqU/Su+5ndxjg3OqI3X7803+/1ERUdIDOJvSGTiOhacTJEz\nRaxlmgFyZGNdTWdN3JWDST3Jx2AJ/oFhb2iB7/MpL0DNgoFY//x5dgkBw+7ytwTB\nQrXRqfVKaGzkMSb6OFlJrBcD97PMj0wzAoIBAHZxsV+y8T3ZJZxkxkgstvIHgsS9\nhpGGKUShBwPnb7ngCoWA7ImNpKAj/1Pz1A6Z6gxHZSD+gx79LXXv6lQcmjE3bDR/\nn9bQhclEkm/AEMQTi2tCM5wDPfm/9uOAeyFC7b26YozvRc4Ovo3YXFtE6ziVihWP\n6072LYuXjxW//Bk9D/1QKL7TccWAoc1dY1zXKSfRI5ZasDMwLw4x3yLdFtE7k6A3\nfvf2ZcAB7qqoR3i+v/tvKB7iewfbDFBCz9GHzjODWZc3Y40NJjxj/htnrzGE1nYK\nFHg2PyG3p5Zq/oAvTXrykaxfjTeRLYwi9owTmjfi5mfnC4A9y/zYETuh3/w=\n-----END RSA PRIVATE KEY-----\n",
            "public_key_fingerprint_md5": "e6:c6:84:81:95:96:96:d9:ab:72:4b:dc:a3:6c:17:0a",
            "public_key_openssh": "ssh-rsa AAAAB3NzaC1yc2EAAAADAQABAAACAQC5wjkGvzS2Ku85rGmSG0Yq8B0qN+/HF9qfkXTJsOyz6V28LbYS6NeRQh4/MfIXYF7N62lWBbsFxTGJXVIDjp6KSg42GvaxApZ1AhJbeJ5KfpcbJe7mmdoihBddOZBVFRiln2tKoI/rcDGZcIJLXVZvIoU+LWDe33bhynQorkUxKrSjxSTI/Jj6FK9HFkHYpudBghYMtWoz5ieM/wW6feihGU6dXiDVps8cNwwSYKNTsbO9ZbzoM1/extmszbY0ll76Cp9FR87YD0P+1BekDyPTlS+8QuqyU3iv+o7GTzShI1Koo3r2VGy/v2ZeBv6XL+e5jxJyY4ek+NURH9j0dFpePMjtC90m2wdYFDkjA48kTy+BunuWwiwYCgqgLQZojTNpmd7li1Xaa2iLeybdlMI9kb6MowRMe7szvPv/QH2tnz5S0NnLpQ/rXteMEihyGhRsYYxUnYEjVTI7XKoEASYp6pYyIPZ5A8tatRMiPznjvJlaW5PeseCv65AsfCqii6iUilMOIbBkOGVTGbOxMGupAm9xMfP1s/pp7mBjDpiJq/tJGT3TxQ7wyKf9xPKhPosvqj5f24T4mAkn8WR2pAsOYTfHkSS/xpM5m8pAKX+spSDmodS7IzOpo1XXpDnfx0fqS8gq4IWI2W8V8ZOINJ1vIZxLo6iHsy9j9RmoGDDUVQ==\n",
            "public_key_pem": "-----BEGIN PUBLIC KEY-----\nMIICIjANBgkqhkiG9w0BAQEFAAOCAg8AMIICCgKCAgEAucI5Br80tirvOaxpkhtG\nKvAdKjfvxxfan5F0ybDss+ldvC22EujXkUIePzHyF2BezetpVgW7BcUxiV1SA46e\nikoONhr2sQKWdQISW3ieSn6XGyXu5pnaIoQXXTmQVRUYpZ9rSqCP63AxmXCCS11W\nbyKFPi1g3t924cp0KK5FMSq0o8UkyPyY+hSvRxZB2KbnQYIWDLVqM+YnjP8Fun3o\noRlOnV4g1abPHDcMEmCjU7GzvWW86DNf3sbZrM22NJZe+gqfRUfO2A9D/tQXpA8j\n05UvvELqslN4r/qOxk80oSNSqKN69lRsv79mXgb+ly/nuY8ScmOHpPjVER/Y9HRa\nXjzI7QvdJtsHWBQ5IwOPJE8vgbp7lsIsGAoKoC0GaI0zaZne5YtV2mtoi3sm3ZTC\nPZG+jKMETHu7M7z7/0B9rZ8+UtDZy6UP617XjBIochoUbGGMVJ2BI1UyO1yqBAEm\nKeqWMiD2eQPLWrUTIj8547yZWluT3rHgr+uQLHwqoouolIpTDiGwZDhlUxmzsTBr\nqQJvcTHz9bP6ae5gYw6Yiav7SRk908UO8Min/cTyoT6LL6o+X9uE+JgJJ/FkdqQL\nDmE3x5Ekv8aTOZvKQCl/rKUg5qHUuyMzqaNV16Q538dH6kvIKuCFiNlvFfGTiDSd\nbyGcS6Ooh7MvY/UZqBgw1FUCAwEAAQ==\n-----END PUBLIC KEY-----\n",
            "rsa_bits": 4096
          },
          "private": "bnVsbA=="
        }
      ]
    }
  ]
}
